{
  "name": "@johnhenry/dialback",
  "version": "0.0.3",
  "lockfileVersion": 3,
  "requires": true,
  "packages": {
    "": {
      "name": "@johnhenry/dialback",
      "version": "0.0.3",
      "license": "MIT",
      "dependencies": {
        "ws": "^8.18.0"
      },
      "devDependencies": {
        "@johnhenry/browsermesh-netway": "^0.0.1",
        "@johnhenry/browsermesh-primitives": "^0.0.1",
        "@types/node": "18.16.19"
      },
      "engines": {
        "node": ">=18.0.0"
      },
      "peerDependencies": {
        "@johnhenry/browsermesh-netway": ">=0.0.1",
        "@johnhenry/browsermesh-primitives": ">=0.0.1"
      },
      "peerDependenciesMeta": {
        "@johnhenry/browsermesh-netway": {
          "optional": true
        },
        "@johnhenry/browsermesh-primitives": {
          "optional": true
        }
      }
    },
    "node_modules/@johnhenry/browsermesh-netway": {
      "version": "0.0.1",
      "resolved": "https://registry.npmjs.org/@johnhenry/browsermesh-netway/-/browsermesh-netway-0.0.1.tgz",
      "integrity": "sha512-1FRRKGIRoBthXOFhPZxfDz2jWh59fOYVRILZcP4yeCzfQ9l0++fIPKAOH+x4rRPvqy5hwC8vPOQ3bLyKXgMamg==",
      "dev": true,
      "license": "MIT",
      "engines": {
        "node": ">=24.0.0"
      }
    },
    "node_modules/@johnhenry/browsermesh-primitives": {
      "version": "0.0.1",
      "resolved": "https://registry.npmjs.org/@johnhenry/browsermesh-primitives/-/browsermesh-primitives-0.0.1.tgz",
      "integrity": "sha512-HidN7AI1mffOhvVNBzdAeoIz2Rt2KbpTmUYcD+Q1IFY82zJooi63CByH+S2QdOSFMivAaC/hgtMblM20lXnMkg==",
      "dev": true,
      "license": "MIT",
      "engines": {
        "node": ">=24.0.0"
      }
    },
    "node_modules/@types/node": {
      "version": "18.16.19",
      "resolved": "https://registry.npmjs.org/@types/node/-/node-18.16.19.tgz",
      "integrity": "sha512-IXl7o+R9iti9eBW4Wg2hx1xQDig183jj7YLn8F7udNceyfkbn1ZxmzZXuak20gR40D7pIkIY1kYGx5VIGbaHKA==",
      "dev": true,
      "license": "MIT"
    },
    "node_modules/ws": {
      "version": "8.21.3",
      "resolved": "https://registry.npmjs.org/ws/-/ws-8.21.3.tgz",
      "integrity": "sha512-201TZ/kPWxoPr/OKWjquZR1SWKXcvxdH+e1xrx89b3YbmzLMFCLfnaG1HFIgWzJOEWZ7MvpK++odZufgYR50Rw==",
      "license": "MIT",
      "engines": {
        "node": ">=10.0.0"
      },
      "peerDependencies": {
        "bufferutil": "^4.0.1",
        "utf-8-validate": ">=5.0.2"
      },
      "peerDependenciesMeta": {
        "bufferutil": {
          "optional": true
        },
        "utf-8-validate": {
          "optional": true
        }
      }
    }
  }
}
