{
  "name": "leproxy",
  "version": "0.0.1",
  "lockfileVersion": 3,
  "requires": true,
  "packages": {
    "": {
      "name": "leproxy",
      "version": "0.0.1",
      "license": "ISC",
      "dependencies": {
        "ws": "^8.18.0"
      },
      "devDependencies": {
        "@johnhenry/browsermesh-netway": "^0.0.1",
        "@johnhenry/browsermesh-primitives": "^0.0.1"
      },
      "engines": {
        "node": ">=14.0.0"
      }
    },
    "node_modules/@johnhenry/browsermesh-netway": {
      "version": "0.0.1",
      "resolved": "https://registry.npmjs.org/@johnhenry/browsermesh-netway/-/browsermesh-netway-0.0.1.tgz",
      "integrity": "sha512-1FRRKGIRoBthXOFhPZxfDz2jWh59fOYVRILZcP4yeCzfQ9l0++fIPKAOH+x4rRPvqy5hwC8vPOQ3bLyKXgMamg==",
      "dev": true,
      "license": "MIT",
      "engines": {
        "node": ">=24.0.0"
      }
    },
    "node_modules/@johnhenry/browsermesh-primitives": {
      "version": "0.0.1",
      "resolved": "https://registry.npmjs.org/@johnhenry/browsermesh-primitives/-/browsermesh-primitives-0.0.1.tgz",
      "integrity": "sha512-HidN7AI1mffOhvVNBzdAeoIz2Rt2KbpTmUYcD+Q1IFY82zJooi63CByH+S2QdOSFMivAaC/hgtMblM20lXnMkg==",
      "dev": true,
      "license": "MIT",
      "engines": {
        "node": ">=24.0.0"
      }
    },
    "node_modules/ws": {
      "version": "8.18.0",
      "resolved": "https://registry.npmjs.org/ws/-/ws-8.18.0.tgz",
      "integrity": "sha512-8VbfWfHLbbwu3+N6OKsOMpBdT4kXPDDB9cJk2bJ6mh9ucxdlnNvH1e+roYkKmN9Nxw2yjz7VzeO9oOz2zJ04Pw==",
      "engines": {
        "node": ">=10.0.0"
      },
      "peerDependencies": {
        "bufferutil": "^4.0.1",
        "utf-8-validate": ">=5.0.2"
      },
      "peerDependenciesMeta": {
        "bufferutil": {
          "optional": true
        },
        "utf-8-validate": {
          "optional": true
        }
      }
    }
  }
}
